
Microsoft Visual Studio Solution File, Format Version 12.00
# Visual Studio Version 16
VisualStudioVersion = 16.0.31624.102
MinimumVisualStudioVersion = 10.0.40219.1
Project("{9A19103F-16F7-4668-BE54-9A1E7A4F7556}") = "PoskodMYAPI", "PoskodMYAPI\PoskodMYAPI.csproj", "{72268A87-C9DA-4139-8AE3-E9B9B91A1783}"
EndProject
Project("{FAE04EC0-301F-11D3-BF4B-00C04F79EFBC}") = "Domain", "Domain\Domain.csproj", "{0C3C8906-B662-405A-B6BE-7C2C16D33434}"
EndProject
Project("{FAE04EC0-301F-11D3-BF4B-00C04F79EFBC}") = "Application", "Application\Application.csproj", "{A36DDAAF-D69A-476A-9379-84E497763B00}"
EndProject
Project("{FAE04EC0-301F-11D3-BF4B-00C04F79EFBC}") = "Infrastructure", "Infrastructure\Infrastructure.csproj", "{54FCC40C-5B02-4798-A96A-58BF638B2E6A}"
EndProject
Global
	GlobalSection(SolutionConfigurationPlatforms) = preSolution
		Debug|Any CPU = Debug|Any CPU
		Release|Any CPU = Release|Any CPU
	EndGlobalSection
	GlobalSection(ProjectConfigurationPlatforms) = postSolution
		{72268A87-C9DA-4139-8AE3-E9B9B91A1783}.Debug|Any CPU.ActiveCfg = Debug|Any CPU
		{72268A87-C9DA-4139-8AE3-E9B9B91A1783}.Debug|Any CPU.Build.0 = Debug|Any CPU
		{72268A87-C9DA-4139-8AE3-E9B9B91A1783}.Release|Any CPU.ActiveCfg = Release|Any CPU
		{72268A87-C9DA-4139-8AE3-E9B9B91A1783}.Release|Any CPU.Build.0 = Release|Any CPU
		{0C3C8906-B662-405A-B6BE-7C2C16D33434}.Debug|Any CPU.ActiveCfg = Debug|Any CPU
		{0C3C8906-B662-405A-B6BE-7C2C16D33434}.Debug|Any CPU.Build.0 = Debug|Any CPU
		{0C3C8906-B662-405A-B6BE-7C2C16D33434}.Release|Any CPU.ActiveCfg = Release|Any CPU
		{0C3C8906-B662-405A-B6BE-7C2C16D33434}.Release|Any CPU.Build.0 = Release|Any CPU
		{A36DDAAF-D69A-476A-9379-84E497763B00}.Debug|Any CPU.ActiveCfg = Debug|Any CPU
		{A36DDAAF-D69A-476A-9379-84E497763B00}.Debug|Any CPU.Build.0 = Debug|Any CPU
		{A36DDAAF-D69A-476A-9379-84E497763B00}.Release|Any CPU.ActiveCfg = Release|Any CPU
		{A36DDAAF-D69A-476A-9379-84E497763B00}.Release|Any CPU.Build.0 = Release|Any CPU
		{54FCC40C-5B02-4798-A96A-58BF638B2E6A}.Debug|Any CPU.ActiveCfg = Debug|Any CPU
		{54FCC40C-5B02-4798-A96A-58BF638B2E6A}.Debug|Any CPU.Build.0 = Debug|Any CPU
		{54FCC40C-5B02-4798-A96A-58BF638B2E6A}.Release|Any CPU.ActiveCfg = Release|Any CPU
		{54FCC40C-5B02-4798-A96A-58BF638B2E6A}.Release|Any CPU.Build.0 = Release|Any CPU
	EndGlobalSection
	GlobalSection(SolutionProperties) = preSolution
		HideSolutionNode = FALSE
	EndGlobalSection
	GlobalSection(ExtensibilityGlobals) = postSolution
		SolutionGuid = {CCF38DCB-C9C7-42F3-9C63-DEB2462FB37C}
	EndGlobalSection
EndGlobal
